
Microsoft Visual Studio Solution File, Format Version 12.00
# Visual Studio Version 16
VisualStudioVersion = 16.0.31424.327
MinimumVisualStudioVersion = 10.0.40219.1
Project("{FAE04EC0-301F-11D3-BF4B-00C04F79EFBC}") = "Project Pathfinder", "Project Pathfinder\Project Pathfinder.csproj", "{7B7DB25E-D8D9-4079-8231-E60613600662}"
EndProject
Global
	GlobalSection(SolutionConfigurationPlatforms) = preSolution
		Debug|Any CPU = Debug|Any CPU
		Release|Any CPU = Release|Any CPU
	EndGlobalSection
	GlobalSection(ProjectConfigurationPlatforms) = postSolution
		{7B7DB25E-D8D9-4079-8231-E60613600662}.Debug|Any CPU.ActiveCfg = Debug|Any CPU
		{7B7DB25E-D8D9-4079-8231-E60613600662}.Debug|Any CPU.Build.0 = Debug|Any CPU
		{7B7DB25E-D8D9-4079-8231-E60613600662}.Release|Any CPU.ActiveCfg = Release|Any CPU
		{7B7DB25E-D8D9-4079-8231-E60613600662}.Release|Any CPU.Build.0 = Release|Any CPU
	EndGlobalSection
	GlobalSection(SolutionProperties) = preSolution
		HideSolutionNode = FALSE
	EndGlobalSection
	GlobalSection(ExtensibilityGlobals) = postSolution
		SolutionGuid = {159756A0-6469-4863-88F6-643EEFC920FE}
	EndGlobalSection
EndGlobal
